
Microsoft Visual Studio Solution File, Format Version 12.00
# Visual Studio Version 17
VisualStudioVersion = 17.14.36221.1 d17.14
MinimumVisualStudioVersion = 10.0.40219.1
Project("{FAE04EC0-301F-11D3-BF4B-00C04F79EFBC}") = "Lab2", "Lab2\Lab2.csproj", "{B9956160-B037-4C3A-8F84-83690743111F}"
EndProject
Global
	GlobalSection(SolutionConfigurationPlatforms) = preSolution
		Debug|Any CPU = Debug|Any CPU
		Release|Any CPU = Release|Any CPU
	EndGlobalSection
	GlobalSection(ProjectConfigurationPlatforms) = postSolution
		{B9956160-B037-4C3A-8F84-83690743111F}.Debug|Any CPU.ActiveCfg = Debug|Any CPU
		{B9956160-B037-4C3A-8F84-83690743111F}.Debug|Any CPU.Build.0 = Debug|Any CPU
		{B9956160-B037-4C3A-8F84-83690743111F}.Release|Any CPU.ActiveCfg = Release|Any CPU
		{B9956160-B037-4C3A-8F84-83690743111F}.Release|Any CPU.Build.0 = Release|Any CPU
	EndGlobalSection
	GlobalSection(SolutionProperties) = preSolution
		HideSolutionNode = FALSE
	EndGlobalSection
	GlobalSection(ExtensibilityGlobals) = postSolution
		SolutionGuid = {DEE70D40-6CE1-4367-A937-58F9B20D842A}
	EndGlobalSection
EndGlobal
